
Microsoft Visual Studio Solution File, Format Version 12.00
# Visual Studio Version 17
VisualStudioVersion = 17.7.34202.233
MinimumVisualStudioVersion = 10.0.40219.1
Project("{FAE04EC0-301F-11D3-BF4B-00C04F79EFBC}") = "Product.Desktop", "Product.Desktop\Product.Desktop.csproj", "{65E93B05-B925-43E4-A38D-8EBFF72F8ED0}"
EndProject
Global
	GlobalSection(SolutionConfigurationPlatforms) = preSolution
		Debug|Any CPU = Debug|Any CPU
		Release|Any CPU = Release|Any CPU
	EndGlobalSection
	GlobalSection(ProjectConfigurationPlatforms) = postSolution
		{65E93B05-B925-43E4-A38D-8EBFF72F8ED0}.Debug|Any CPU.ActiveCfg = Debug|Any CPU
		{65E93B05-B925-43E4-A38D-8EBFF72F8ED0}.Debug|Any CPU.Build.0 = Debug|Any CPU
		{65E93B05-B925-43E4-A38D-8EBFF72F8ED0}.Release|Any CPU.ActiveCfg = Release|Any CPU
		{65E93B05-B925-43E4-A38D-8EBFF72F8ED0}.Release|Any CPU.Build.0 = Release|Any CPU
	EndGlobalSection
	GlobalSection(SolutionProperties) = preSolution
		HideSolutionNode = FALSE
	EndGlobalSection
	GlobalSection(ExtensibilityGlobals) = postSolution
		SolutionGuid = {AF447E3E-82E6-4252-9DD0-2A97A603C17B}
	EndGlobalSection
EndGlobal
